
Microsoft Visual Studio Solution File, Format Version 12.00
# Visual Studio Version 16
VisualStudioVersion = 16.0.31129.286
MinimumVisualStudioVersion = 10.0.40219.1
Project("{FAE04EC0-301F-11D3-BF4B-00C04F79EFBC}") = "WebAppPedidos", "WebAppPedidos\WebAppPedidos.csproj", "{F27EC59B-A169-4C62-8021-CA1DBA217D74}"
EndProject
Global
	GlobalSection(SolutionConfigurationPlatforms) = preSolution
		Debug|Any CPU = Debug|Any CPU
		Release|Any CPU = Release|Any CPU
	EndGlobalSection
	GlobalSection(ProjectConfigurationPlatforms) = postSolution
		{F27EC59B-A169-4C62-8021-CA1DBA217D74}.Debug|Any CPU.ActiveCfg = Debug|Any CPU
		{F27EC59B-A169-4C62-8021-CA1DBA217D74}.Debug|Any CPU.Build.0 = Debug|Any CPU
		{F27EC59B-A169-4C62-8021-CA1DBA217D74}.Release|Any CPU.ActiveCfg = Release|Any CPU
		{F27EC59B-A169-4C62-8021-CA1DBA217D74}.Release|Any CPU.Build.0 = Release|Any CPU
	EndGlobalSection
	GlobalSection(SolutionProperties) = preSolution
		HideSolutionNode = FALSE
	EndGlobalSection
	GlobalSection(ExtensibilityGlobals) = postSolution
		SolutionGuid = {E88E2041-E500-4BCB-9BEA-6B42E5DE904B}
	EndGlobalSection
EndGlobal
